
Microsoft Visual Studio Solution File, Format Version 12.00
# Visual Studio Version 17
VisualStudioVersion = 17.13.36105.23 d17.13
MinimumVisualStudioVersion = 10.0.40219.1
Project("{FAE04EC0-301F-11D3-BF4B-00C04F79EFBC}") = "Supermarket  project", "Supermarket  project\Supermarket  project.csproj", "{02E92DC5-653F-452C-8D02-3B37FE5372B8}"
EndProject
Global
	GlobalSection(SolutionConfigurationPlatforms) = preSolution
		Debug|Any CPU = Debug|Any CPU
		Release|Any CPU = Release|Any CPU
	EndGlobalSection
	GlobalSection(ProjectConfigurationPlatforms) = postSolution
		{02E92DC5-653F-452C-8D02-3B37FE5372B8}.Debug|Any CPU.ActiveCfg = Debug|Any CPU
		{02E92DC5-653F-452C-8D02-3B37FE5372B8}.Debug|Any CPU.Build.0 = Debug|Any CPU
		{02E92DC5-653F-452C-8D02-3B37FE5372B8}.Release|Any CPU.ActiveCfg = Release|Any CPU
		{02E92DC5-653F-452C-8D02-3B37FE5372B8}.Release|Any CPU.Build.0 = Release|Any CPU
	EndGlobalSection
	GlobalSection(SolutionProperties) = preSolution
		HideSolutionNode = FALSE
	EndGlobalSection
	GlobalSection(ExtensibilityGlobals) = postSolution
		SolutionGuid = {5949CEDA-5581-4A30-8FD4-AC5F0ACE8FF2}
	EndGlobalSection
EndGlobal
